// !$*UTF8*$!
{
	archiveVersion = 1;
	classes = {
	};
	objectVersion = 56;
	objects = {

/* Begin PBXBuildFile section */
                7A8B9C1D2E3F4567890ABCDE /* NotesAppApp.swift in Sources */ = {isa = PBXBuildFile; fileRef = 7A8B9C1D2E3F4567890ABCDF /* NotesAppApp.swift */; };
                7A8B9C1D2E3F4567890ABCE0 /* ContentView.swift in Sources */ = {isa = PBXBuildFile; fileRef = 7A8B9C1D2E3F4567890ABCE1 /* ContentView.swift */; };
                7A8B9C1D2E3F4567890ABCE2 /* Assets.xcassets in Resources */ = {isa = PBXBuildFile; fileRef = 7A8B9C1D2E3F4567890ABCE3 /* Assets.xcassets */; };
                7A8B9C1D2E3F4567890ABCE4 /* Preview Assets.xcassets in Resources */ = {isa = PBXBuildFile; fileRef = 7A8B9C1D2E3F4567890ABCE5 /* Preview Assets.xcassets */; };
                7A8B9C1D2E3F4567890ABCE6 /* NotesModel.xcdatamodeld in Sources */ = {isa = PBXBuildFile; fileRef = 7A8B9C1D2E3F4567890ABCE7 /* NotesModel.xcdatamodeld */; };
                856945FA1FCD41618C7682D8 /* BirthInfoView.swift in Sources */ = {isa = PBXBuildFile; fileRef = 24DE48C46F8746EF8F0B8393 /* BirthInfoView.swift */; };
                4A61CA8CF4DC4F8E9CDFCFC1 /* MainTabView.swift in Sources */ = {isa = PBXBuildFile; fileRef = 7FB1D1B033174A938AEB97C9 /* MainTabView.swift */; };
                CA6421303A9F445C99CB8EE5 /* CosmicBackgroundView.swift in Sources */ = {isa = PBXBuildFile; fileRef = 475C8795CBEF493687FD6DAB /* CosmicBackgroundView.swift */; };
                B59D16C9AD2B477B902B3F29 /* Int+Clamp.swift in Sources */ = {isa = PBXBuildFile; fileRef = 0BB7287EC25B4A36A68E3FDB /* Int+Clamp.swift */; };
                7A8B9C1D2E3F4567890ABCE8 /* PersistenceController.swift in Sources */ = {isa = PBXBuildFile; fileRef = 7A8B9C1D2E3F4567890ABCE9 /* PersistenceController.swift */; };
		7A8B9C1D2E3F4567890ABCEA /* NotesListView.swift in Sources */ = {isa = PBXBuildFile; fileRef = 7A8B9C1D2E3F4567890ABCEB /* NotesListView.swift */; };
		7A8B9C1D2E3F4567890ABCEC /* NoteDetailView.swift in Sources */ = {isa = PBXBuildFile; fileRef = 7A8B9C1D2E3F4567890ABCED /* NoteDetailView.swift */; };
        9F0000010000000000000001 /* TodayView.swift in Sources */ = {isa = PBXBuildFile; fileRef = 9F0000010000000000000002 /* TodayView.swift */; };
        9F0000010000000000000003 /* HistoryView.swift in Sources */ = {isa = PBXBuildFile; fileRef = 9F0000010000000000000004 /* HistoryView.swift */; };
        9F0000010000000000000005 /* SettingsView.swift in Sources */ = {isa = PBXBuildFile; fileRef = 9F0000010000000000000006 /* SettingsView.swift */; };
        9F0000010000000000000007 /* HydrationHelpers.swift in Sources */ = {isa = PBXBuildFile; fileRef = 9F0000010000000000000008 /* HydrationHelpers.swift */; };
        9F0000010000000000000009 /* NotificationManager.swift in Sources */ = {isa = PBXBuildFile; fileRef = 9F000001000000000000000A /* NotificationManager.swift */; };
        9F000001000000000000000B /* Theme.swift in Sources */ = {isa = PBXBuildFile; fileRef = 9F000001000000000000000C /* Theme.swift */; };
        9F000001000000000000000D /* Toast.swift in Sources */ = {isa = PBXBuildFile; fileRef = 9F000001000000000000000E /* Toast.swift */; };
        9F000001000000000000000F /* CelebrationOverlay.swift in Sources */ = {isa = PBXBuildFile; fileRef = 9F0000010000000000000010 /* CelebrationOverlay.swift */; };
        9F0000010000000000000013 /* ScreenshotMode.swift in Sources */ = {isa = PBXBuildFile; fileRef = 9F0000010000000000000012 /* ScreenshotMode.swift */; };
		9F0000010000000000000015 /* LocationSearchManager.swift in Sources */ = {isa = PBXBuildFile; fileRef = 9F0000010000000000000016 /* LocationSearchManager.swift */; };
        9F0000010000000000000020 /* SwissEphWrapper.m in Sources */ = {isa = PBXBuildFile; fileRef = 9F0000010000000000000021 /* SwissEphWrapper.m */; };
        9F0000010000000000000022 /* PlanetaryCalculator.swift in Sources */ = {isa = PBXBuildFile; fileRef = 9F0000010000000000000023 /* PlanetaryCalculator.swift */; };
        D0C0A1B2C3D4E5F601000002 /* DashboardSummaryBuilder.swift in Sources */ = {isa = PBXBuildFile; fileRef = D0C0A1B2C3D4E5F601000001 /* DashboardSummaryBuilder.swift */; };
        9F0000010000000000000025 /* libswe.a in Frameworks */ = {isa = PBXBuildFile; fileRef = 9F0000010000000000000024 /* libswe.a */; };

        7B7B7B7B7B7B7B7B7B7B7B0B /* NotesAppUITests.swift in Sources */ = {isa = PBXBuildFile; fileRef = 7B7B7B7B7B7B7B7B7B7B7B08 /* NotesAppUITests.swift */; };
        7B7B7B7B7B7B7B7B7B7B7B0C /* SnapshotHelper.swift in Sources */ = {isa = PBXBuildFile; fileRef = 7B7B7B7B7B7B7B7B7B7B7B09 /* SnapshotHelper.swift */; };
        D0C0A1B2C3D4E5F602000002 /* DashboardSummaryBuilderTests.swift in Sources */ = {isa = PBXBuildFile; fileRef = D0C0A1B2C3D4E5F602000001 /* DashboardSummaryBuilderTests.swift */; };

        9F0000010000000000000051 /* SwissEph in Resources */ = {isa = PBXBuildFile; fileRef = 9F0000010000000000000050 /* SwissEph */; };
        9F0000010000000000000053 /* DiagnosticsView.swift in Sources */ = {isa = PBXBuildFile; fileRef = 9F0000010000000000000052 /* DiagnosticsView.swift */; };
        B1D0F00D00000000000000B1 /* VimshottariDashaCalculator.swift in Sources */ = {isa = PBXBuildFile; fileRef = A1D0F00D00000000000000A1 /* VimshottariDashaCalculator.swift */; };
        B1D0F00D00000000000000B2 /* DashaView.swift in Sources */ = {isa = PBXBuildFile; fileRef = A1D0F00D00000000000000A2 /* DashaView.swift */; };
        B1D0F00D00000000000000B3 /* DashaTabView.swift in Sources */ = {isa = PBXBuildFile; fileRef = A1D0F00D00000000000000A3 /* DashaTabView.swift */; };
        B1D0F00D00000000000000B4 /* UIStyles.swift in Sources */ = {isa = PBXBuildFile; fileRef = A1D0F00D00000000000000A4 /* UIStyles.swift */; };
        B1D0F00D00000000000000B5 /* YogiCalculator.swift in Sources */ = {isa = PBXBuildFile; fileRef = A1D0F00D00000000000000A5 /* YogiCalculator.swift */; };
        B1D0F00D00000000000000B6 /* YogiView.swift in Sources */ = {isa = PBXBuildFile; fileRef = A1D0F00D00000000000000A6 /* YogiView.swift */; };
        B1D0F00D00000000000000B7 /* YogiTabView.swift in Sources */ = {isa = PBXBuildFile; fileRef = A1D0F00D00000000000000A7 /* YogiTabView.swift */; };
        B1D0F00D00000000000000B8 /* DrekkanaUtils.swift in Sources */ = {isa = PBXBuildFile; fileRef = A1D0F00D00000000000000A8 /* DrekkanaUtils.swift */; };
		B1D0F00D00000000000000B9 /* UttamaTabView.swift in Sources */ = {isa = PBXBuildFile; fileRef = A1D0F00D00000000000000A9 /* UttamaTabView.swift */; };
		B1D0F00D00000000000000BD /* PanchangaCalc.swift in Sources */ = {isa = PBXBuildFile; fileRef = A1D0F00D00000000000000AD /* PanchangaCalc.swift */; };
        B1D0F00D00000000000000BE /* PanchangaTabView.swift in Sources */ = {isa = PBXBuildFile; fileRef = A1D0F00D00000000000000AE /* PanchangaTabView.swift */; };
        B1D0F00D00000000000000BF /* IshtaDevataCalc.swift in Sources */ = {isa = PBXBuildFile; fileRef = A1D0F00D00000000000000AF /* IshtaDevataCalc.swift */; };
		B1D0F00D00000000000000C0 /* IshtaDevataTabView.swift in Sources */ = {isa = PBXBuildFile; fileRef = A1D0F00D00000000000000B0 /* IshtaDevataTabView.swift */; };
		B1D0F00D00000000000000C1 /* VargaCalculatorIOS.swift in Sources */ = {isa = PBXBuildFile; fileRef = A1D0F00D00000000000000B1 /* VargaCalculatorIOS.swift */; };
		B1D0F00D00000000000000C2 /* NavamshaLordsTabView.swift in Sources */ = {isa = PBXBuildFile; fileRef = A1D0F00D00000000000000B2 /* NavamshaLordsTabView.swift */; };
		B1D0F00D00000000000000C3 /* SunriseCalcIOS.swift in Sources */ = {isa = PBXBuildFile; fileRef = A1D0F00D00000000000000B3 /* SunriseCalcIOS.swift */; };
		B1D0F00D00000000000000C4 /* SpecialLagnasCalc.swift in Sources */ = {isa = PBXBuildFile; fileRef = A1D0F00D00000000000000B4 /* SpecialLagnasCalc.swift */; };
		B1D0F00D00000000000000C5 /* LagnasTabView.swift in Sources */ = {isa = PBXBuildFile; fileRef = A1D0F00D00000000000000B5 /* LagnasTabView.swift */; };
		B1D0F00D00000000000000C7 /* SixtyFourTwentyTwoCalc.swift in Sources */ = {isa = PBXBuildFile; fileRef = A1D0F00D00000000000000B7 /* SixtyFourTwentyTwoCalc.swift */; };
        B1D0F00D00000000000000C8 /* SixtyFourTwentyTwoTabView.swift in Sources */ = {isa = PBXBuildFile; fileRef = A1D0F00D00000000000000B8 /* SixtyFourTwentyTwoTabView.swift */; };
        C0DE00010000000000000001 /* PushkaraUtils.swift in Sources */ = {isa = PBXBuildFile; fileRef = C0DE00110000000000000011 /* PushkaraUtils.swift */; };
        C0DE00020000000000000002 /* PushkaraTabView.swift in Sources */ = {isa = PBXBuildFile; fileRef = C0DE00120000000000000012 /* PushkaraTabView.swift */; };
        
        C0DE00050000000000000005 /* SaptamshaLordsTabView.swift in Sources */ = {isa = PBXBuildFile; fileRef = C0DE00150000000000000015 /* SaptamshaLordsTabView.swift */; };
        B1D0F00D00000000000000BA /* JaiminiKarakas.swift in Sources */ = {isa = PBXBuildFile; fileRef = A1D0F00D00000000000000AA /* JaiminiKarakas.swift */; };
        B1D0F00D00000000000000BB /* JaiminiArudha.swift in Sources */ = {isa = PBXBuildFile; fileRef = A1D0F00D00000000000000AB /* JaiminiArudha.swift */; };
        B1D0F00D00000000000000BC /* JaiminiTabView.swift in Sources */ = {isa = PBXBuildFile; fileRef = A1D0F00D00000000000000AC /* JaiminiTabView.swift */; };
/* End PBXBuildFile section */

/* Begin PBXFileReference section */
                7A8B9C1D2E3F4567890ABCF2 /* NotesApp.app */ = {isa = PBXFileReference; explicitFileType = wrapper.application; includeInIndex = 0; path = NotesApp.app; sourceTree = BUILT_PRODUCTS_DIR; };
                7A8B9C1D2E3F4567890ABCDF /* NotesAppApp.swift */ = {isa = PBXFileReference; lastKnownFileType = sourcecode.swift; path = NotesAppApp.swift; sourceTree = "<group>"; };
                7A8B9C1D2E3F4567890ABCE1 /* ContentView.swift */ = {isa = PBXFileReference; lastKnownFileType = sourcecode.swift; path = ContentView.swift; sourceTree = "<group>"; };
                24DE48C46F8746EF8F0B8393 /* BirthInfoView.swift */ = {isa = PBXFileReference; lastKnownFileType = sourcecode.swift; path = BirthInfoView.swift; sourceTree = "<group>"; };
                7FB1D1B033174A938AEB97C9 /* MainTabView.swift */ = {isa = PBXFileReference; lastKnownFileType = sourcecode.swift; path = MainTabView.swift; sourceTree = "<group>"; };
                475C8795CBEF493687FD6DAB /* CosmicBackgroundView.swift */ = {isa = PBXFileReference; lastKnownFileType = sourcecode.swift; path = CosmicBackgroundView.swift; sourceTree = "<group>"; };
                0BB7287EC25B4A36A68E3FDB /* Int+Clamp.swift */ = {isa = PBXFileReference; lastKnownFileType = sourcecode.swift; path = "Int+Clamp.swift"; sourceTree = "<group>"; };
                7A8B9C1D2E3F4567890ABCE3 /* Assets.xcassets */ = {isa = PBXFileReference; lastKnownFileType = folder.assetcatalog; path = Assets.xcassets; sourceTree = "<group>"; };
		7A8B9C1D2E3F4567890ABCE5 /* Preview Assets.xcassets */ = {isa = PBXFileReference; lastKnownFileType = folder.assetcatalog; path = "Preview Assets.xcassets"; sourceTree = "<group>"; };
		7A8B9C1D2E3F4567890ABCE7 /* NotesModel.xcdatamodeld */ = {isa = PBXFileReference; lastKnownFileType = wrapper.xcdatamodel; path = NotesModel.xcdatamodeld; sourceTree = "<group>"; };
		7A8B9C1D2E3F4567890ABCE9 /* PersistenceController.swift */ = {isa = PBXFileReference; lastKnownFileType = sourcecode.swift; path = PersistenceController.swift; sourceTree = "<group>"; };
		7A8B9C1D2E3F4567890ABCEB /* NotesListView.swift */ = {isa = PBXFileReference; lastKnownFileType = sourcecode.swift; path = NotesListView.swift; sourceTree = "<group>"; };
		7A8B9C1D2E3F4567890ABCED /* NoteDetailView.swift */ = {isa = PBXFileReference; lastKnownFileType = sourcecode.swift; path = NoteDetailView.swift; sourceTree = "<group>"; };
		7A8B9C1D2E3F4567890ABCF3 /* NotesModel.xcdatamodel */ = {isa = PBXFileReference; lastKnownFileType = wrapper.xcdatamodel; path = NotesModel.xcdatamodel; sourceTree = "<group>"; };
        9F0000010000000000000002 /* TodayView.swift */ = {isa = PBXFileReference; lastKnownFileType = sourcecode.swift; path = TodayView.swift; sourceTree = "<group>"; };
        9F0000010000000000000004 /* HistoryView.swift */ = {isa = PBXFileReference; lastKnownFileType = sourcecode.swift; path = HistoryView.swift; sourceTree = "<group>"; };
        9F0000010000000000000006 /* SettingsView.swift */ = {isa = PBXFileReference; lastKnownFileType = sourcecode.swift; path = SettingsView.swift; sourceTree = "<group>"; };
        9F0000010000000000000008 /* HydrationHelpers.swift */ = {isa = PBXFileReference; lastKnownFileType = sourcecode.swift; path = HydrationHelpers.swift; sourceTree = "<group>"; };
        9F000001000000000000000A /* NotificationManager.swift */ = {isa = PBXFileReference; lastKnownFileType = sourcecode.swift; path = NotificationManager.swift; sourceTree = "<group>"; };
        9F000001000000000000000C /* Theme.swift */ = {isa = PBXFileReference; lastKnownFileType = sourcecode.swift; path = Theme.swift; sourceTree = "<group>"; };
        9F000001000000000000000E /* Toast.swift */ = {isa = PBXFileReference; lastKnownFileType = sourcecode.swift; path = Toast.swift; sourceTree = "<group>"; };
        9F0000010000000000000010 /* CelebrationOverlay.swift */ = {isa = PBXFileReference; lastKnownFileType = sourcecode.swift; path = CelebrationOverlay.swift; sourceTree = "<group>"; };
        9F0000010000000000000012 /* ScreenshotMode.swift */ = {isa = PBXFileReference; lastKnownFileType = sourcecode.swift; path = ScreenshotMode.swift; sourceTree = "<group>"; };
        9F0000010000000000000016 /* LocationSearchManager.swift */ = {isa = PBXFileReference; lastKnownFileType = sourcecode.swift; path = LocationSearchManager.swift; sourceTree = "<group>"; };
		9F0000010000000000000021 /* SwissEphWrapper.m */ = {isa = PBXFileReference; lastKnownFileType = sourcecode.c.objc; path = SwissEphWrapper.m; sourceTree = "<group>"; };
        9F0000010000000000000026 /* SwissEphBridge.h */ = {isa = PBXFileReference; lastKnownFileType = sourcecode.c.h; path = SwissEphBridge.h; sourceTree = "<group>"; };
        9F0000010000000000000023 /* PlanetaryCalculator.swift */ = {isa = PBXFileReference; lastKnownFileType = sourcecode.swift; path = PlanetaryCalculator.swift; sourceTree = "<group>"; };
        D0C0A1B2C3D4E5F601000001 /* DashboardSummaryBuilder.swift */ = {isa = PBXFileReference; lastKnownFileType = sourcecode.swift; path = DashboardSummaryBuilder.swift; sourceTree = "<group>"; };
        D0C0A1B2C3D4E5F602000001 /* DashboardSummaryBuilderTests.swift */ = {isa = PBXFileReference; lastKnownFileType = sourcecode.swift; path = DashboardSummaryBuilderTests.swift; sourceTree = "<group>"; };
                9F0000010000000000000024 /* libswe.a */ = {isa = PBXFileReference; lastKnownFileType = archive.ar; name = libswe.a; path = ThirdParty/SwissEph/lib/libswe.a; sourceTree = "<group>"; };
                7B7B7B7B7B7B7B7B7B7B7B00 /* NotesAppUITests.xctest */ = {isa = PBXFileReference; explicitFileType = wrapper.cfbundle; includeInIndex = 0; path = NotesAppUITests.xctest; sourceTree = BUILT_PRODUCTS_DIR; };
        D0C0A1B2C3D4E5F604000001 /* NotesAppTests.xctest */ = {isa = PBXFileReference; explicitFileType = wrapper.cfbundle; includeInIndex = 0; path = NotesAppTests.xctest; sourceTree = BUILT_PRODUCTS_DIR; };
		7B7B7B7B7B7B7B7B7B7B7B08 /* NotesAppUITests.swift */ = {isa = PBXFileReference; lastKnownFileType = sourcecode.swift; path = NotesAppUITests.swift; sourceTree = "<group>"; };
		7B7B7B7B7B7B7B7B7B7B7B09 /* SnapshotHelper.swift */ = {isa = PBXFileReference; lastKnownFileType = sourcecode.swift; path = SnapshotHelper.swift; sourceTree = "<group>"; };

        9F0000010000000000000050 /* SwissEph */ = {isa = PBXFileReference; lastKnownFileType = folder; path = SwissEph; sourceTree = "<group>"; };
        9F0000010000000000000052 /* DiagnosticsView.swift */ = {isa = PBXFileReference; lastKnownFileType = sourcecode.swift; path = DiagnosticsView.swift; sourceTree = "<group>"; };
        A1D0F00D00000000000000A1 /* VimshottariDashaCalculator.swift */ = {isa = PBXFileReference; lastKnownFileType = sourcecode.swift; path = VimshottariDashaCalculator.swift; sourceTree = "<group>"; };
        A1D0F00D00000000000000A2 /* DashaView.swift */ = {isa = PBXFileReference; lastKnownFileType = sourcecode.swift; path = DashaView.swift; sourceTree = "<group>"; };
        A1D0F00D00000000000000A3 /* DashaTabView.swift */ = {isa = PBXFileReference; lastKnownFileType = sourcecode.swift; path = DashaTabView.swift; sourceTree = "<group>"; };
        A1D0F00D00000000000000A4 /* UIStyles.swift */ = {isa = PBXFileReference; lastKnownFileType = sourcecode.swift; path = UIStyles.swift; sourceTree = "<group>"; };
        A1D0F00D00000000000000A5 /* YogiCalculator.swift */ = {isa = PBXFileReference; lastKnownFileType = sourcecode.swift; path = YogiCalculator.swift; sourceTree = "<group>"; };
        A1D0F00D00000000000000A6 /* YogiView.swift */ = {isa = PBXFileReference; lastKnownFileType = sourcecode.swift; path = YogiView.swift; sourceTree = "<group>"; };
        A1D0F00D00000000000000A7 /* YogiTabView.swift */ = {isa = PBXFileReference; lastKnownFileType = sourcecode.swift; path = YogiTabView.swift; sourceTree = "<group>"; };
        A1D0F00D00000000000000A8 /* DrekkanaUtils.swift */ = {isa = PBXFileReference; lastKnownFileType = sourcecode.swift; path = DrekkanaUtils.swift; sourceTree = "<group>"; };
        A1D0F00D00000000000000A9 /* UttamaTabView.swift */ = {isa = PBXFileReference; lastKnownFileType = sourcecode.swift; path = UttamaTabView.swift; sourceTree = "<group>"; };
        A1D0F00D00000000000000AA /* JaiminiKarakas.swift */ = {isa = PBXFileReference; lastKnownFileType = sourcecode.swift; path = JaiminiKarakas.swift; sourceTree = "<group>"; };
        A1D0F00D00000000000000AB /* JaiminiArudha.swift */ = {isa = PBXFileReference; lastKnownFileType = sourcecode.swift; path = JaiminiArudha.swift; sourceTree = "<group>"; };
		A1D0F00D00000000000000AC /* JaiminiTabView.swift */ = {isa = PBXFileReference; lastKnownFileType = sourcecode.swift; path = JaiminiTabView.swift; sourceTree = "<group>"; };
		A1D0F00D00000000000000AD /* PanchangaCalc.swift */ = {isa = PBXFileReference; lastKnownFileType = sourcecode.swift; path = PanchangaCalc.swift; sourceTree = "<group>"; };
        A1D0F00D00000000000000AE /* PanchangaTabView.swift */ = {isa = PBXFileReference; lastKnownFileType = sourcecode.swift; path = PanchangaTabView.swift; sourceTree = "<group>"; };
        A1D0F00D00000000000000AF /* IshtaDevataCalc.swift */ = {isa = PBXFileReference; lastKnownFileType = sourcecode.swift; path = IshtaDevataCalc.swift; sourceTree = "<group>"; };
		A1D0F00D00000000000000B0 /* IshtaDevataTabView.swift */ = {isa = PBXFileReference; lastKnownFileType = sourcecode.swift; path = IshtaDevataTabView.swift; sourceTree = "<group>"; };
		A1D0F00D00000000000000B1 /* VargaCalculatorIOS.swift */ = {isa = PBXFileReference; lastKnownFileType = sourcecode.swift; path = VargaCalculatorIOS.swift; sourceTree = "<group>"; };
		A1D0F00D00000000000000B2 /* NavamshaLordsTabView.swift */ = {isa = PBXFileReference; lastKnownFileType = sourcecode.swift; path = NavamshaLordsTabView.swift; sourceTree = "<group>"; };
		A1D0F00D00000000000000B3 /* SunriseCalcIOS.swift */ = {isa = PBXFileReference; lastKnownFileType = sourcecode.swift; path = SunriseCalcIOS.swift; sourceTree = "<group>"; };
		A1D0F00D00000000000000B4 /* SpecialLagnasCalc.swift */ = {isa = PBXFileReference; lastKnownFileType = sourcecode.swift; path = SpecialLagnasCalc.swift; sourceTree = "<group>"; };
		A1D0F00D00000000000000B5 /* LagnasTabView.swift */ = {isa = PBXFileReference; lastKnownFileType = sourcecode.swift; path = LagnasTabView.swift; sourceTree = "<group>"; };
		A1D0F00D00000000000000B7 /* SixtyFourTwentyTwoCalc.swift */ = {isa = PBXFileReference; lastKnownFileType = sourcecode.swift; path = SixtyFourTwentyTwoCalc.swift; sourceTree = "<group>"; };
		A1D0F00D00000000000000B8 /* SixtyFourTwentyTwoTabView.swift */ = {isa = PBXFileReference; lastKnownFileType = sourcecode.swift; path = SixtyFourTwentyTwoTabView.swift; sourceTree = "<group>"; };
        C0DE00110000000000000011 /* PushkaraUtils.swift */ = {isa = PBXFileReference; lastKnownFileType = sourcecode.swift; path = PushkaraUtils.swift; sourceTree = "<group>"; };
                C0DE00120000000000000012 /* PushkaraTabView.swift */ = {isa = PBXFileReference; lastKnownFileType = sourcecode.swift; path = PushkaraTabView.swift; sourceTree = "<group>"; };
        
                C0DE00150000000000000015 /* SaptamshaLordsTabView.swift */ = {isa = PBXFileReference; lastKnownFileType = sourcecode.swift; path = SaptamshaLordsTabView.swift; sourceTree = "<group>"; };
/* End PBXFileReference section */

/* Begin PBXFrameworksBuildPhase section */
		7A8B9C1D2E3F4567890ABCF4 /* Frameworks */ = {
			isa = PBXFrameworksBuildPhase;
			buildActionMask = 2147483647;
			files = (
                9F0000010000000000000025 /* libswe.a in Frameworks */,
			);
			runOnlyForDeploymentPostprocessing = 0;
		};
        7B7B7B7B7B7B7B7B7B7B7B03 /* Frameworks */ = {
            isa = PBXFrameworksBuildPhase;
            buildActionMask = 2147483647;
            files = (
            );
            runOnlyForDeploymentPostprocessing = 0;
        };
        D0C0A1B2C3D4E5F605000003 /* Frameworks */ = {
            isa = PBXFrameworksBuildPhase;
            buildActionMask = 2147483647;
            files = (
            );
            runOnlyForDeploymentPostprocessing = 0;
        };
/* End PBXFrameworksBuildPhase section */

/* Begin PBXGroup section */
		7A8B9C1D2E3F4567890ABCF5 = {
			isa = PBXGroup;
			children = (
				7A8B9C1D2E3F4567890ABCF6 /* NotesApp */,
				7A8B9C1D2E3F4567890ABCF7 /* Products */,
                7B7B7B7B7B7B7B7B7B7B7B0A /* NotesAppUITests */,
                D0C0A1B2C3D4E5F603000001 /* NotesAppTests */,
			);
			sourceTree = "<group>";
		};
		7A8B9C1D2E3F4567890ABCF7 /* Products */ = {
			isa = PBXGroup;
			children = (
				7A8B9C1D2E3F4567890ABCF2 /* NotesApp.app */,
				7B7B7B7B7B7B7B7B7B7B7B00 /* NotesAppUITests.xctest */,
                D0C0A1B2C3D4E5F604000001 /* NotesAppTests.xctest */,
			);
			name = Products;
			sourceTree = "<group>";
		};
                7A8B9C1D2E3F4567890ABCF6 /* NotesApp */ = {
                        isa = PBXGroup;
                        children = (
                                9F0000010000000000000050 /* SwissEph */,
                                7A8B9C1D2E3F4567890ABCDF /* NotesAppApp.swift */,
                                7A8B9C1D2E3F4567890ABCE1 /* ContentView.swift */,
                                24DE48C46F8746EF8F0B8393 /* BirthInfoView.swift */,
                                475C8795CBEF493687FD6DAB /* CosmicBackgroundView.swift */,
                                A1D0F00D00000000000000A3 /* DashaTabView.swift */,
                                A1D0F00D00000000000000A2 /* DashaView.swift */,
                                A1D0F00D00000000000000A1 /* VimshottariDashaCalculator.swift */,
                                A1D0F00D00000000000000A4 /* UIStyles.swift */,
                                D0C0A1B2C3D4E5F601000001 /* DashboardSummaryBuilder.swift */,
                                A1D0F00D00000000000000A7 /* YogiTabView.swift */,
                                A1D0F00D00000000000000A6 /* YogiView.swift */,
                                A1D0F00D00000000000000A5 /* YogiCalculator.swift */,
                                A1D0F00D00000000000000A8 /* DrekkanaUtils.swift */,
                                A1D0F00D00000000000000A9 /* UttamaTabView.swift */,
                                A1D0F00D00000000000000AA /* JaiminiKarakas.swift */,
                                A1D0F00D00000000000000AB /* JaiminiArudha.swift */,
                                A1D0F00D00000000000000AC /* JaiminiTabView.swift */,
                                A1D0F00D00000000000000AD /* PanchangaCalc.swift */,
                                A1D0F00D00000000000000AE /* PanchangaTabView.swift */,
                                A1D0F00D00000000000000AF /* IshtaDevataCalc.swift */,
                                A1D0F00D00000000000000B0 /* IshtaDevataTabView.swift */,
                                A1D0F00D00000000000000B1 /* VargaCalculatorIOS.swift */,
                                A1D0F00D00000000000000B2 /* NavamshaLordsTabView.swift */,
                                A1D0F00D00000000000000B3 /* SunriseCalcIOS.swift */,
                                A1D0F00D00000000000000B4 /* SpecialLagnasCalc.swift */,
                                A1D0F00D00000000000000B5 /* LagnasTabView.swift */,
                                A1D0F00D00000000000000B7 /* SixtyFourTwentyTwoCalc.swift */,
                                A1D0F00D00000000000000B8 /* SixtyFourTwentyTwoTabView.swift */,
                                7FB1D1B033174A938AEB97C9 /* MainTabView.swift */,
                                C0DE00110000000000000011 /* PushkaraUtils.swift */,
                                C0DE00120000000000000012 /* PushkaraTabView.swift */,
                                0BB7287EC25B4A36A68E3FDB /* Int+Clamp.swift */,

                                C0DE00150000000000000015 /* SaptamshaLordsTabView.swift */,
                                9F0000010000000000000052 /* DiagnosticsView.swift */,
                                9F0000010000000000000023 /* PlanetaryCalculator.swift */,
				7A8B9C1D2E3F4567890ABCEB /* NotesListView.swift */,
				7A8B9C1D2E3F4567890ABCED /* NoteDetailView.swift */,
				7A8B9C1D2E3F4567890ABCE9 /* PersistenceController.swift */,
                9F0000010000000000000008 /* HydrationHelpers.swift */,
                9F000001000000000000000A /* NotificationManager.swift */,
                9F000001000000000000000C /* Theme.swift */,
                9F000001000000000000000E /* Toast.swift */,
                9F0000010000000000000010 /* CelebrationOverlay.swift */,
                9F0000010000000000000002 /* TodayView.swift */,
                9F0000010000000000000004 /* HistoryView.swift */,
                9F0000010000000000000006 /* SettingsView.swift */,
                9F0000010000000000000012 /* ScreenshotMode.swift */,
                9F0000010000000000000016 /* LocationSearchManager.swift */,
                9F0000010000000000000021 /* SwissEphWrapper.m */,
                9F0000010000000000000026 /* SwissEphBridge.h */,
				7A8B9C1D2E3F4567890ABCE7 /* NotesModel.xcdatamodeld */,
				7A8B9C1D2E3F4567890ABCE3 /* Assets.xcassets */,
				7A8B9C1D2E3F4567890ABCF8 /* Preview Content */,
                9F0000010000000000000024 /* libswe.a */,
			);
			path = NotesApp;
			sourceTree = "<group>";
		};
		7B7B7B7B7B7B7B7B7B7B7B0A /* NotesAppUITests */ = {
			isa = PBXGroup;
			children = (
				7B7B7B7B7B7B7B7B7B7B7B08 /* NotesAppUITests.swift */,
				7B7B7B7B7B7B7B7B7B7B7B09 /* SnapshotHelper.swift */,
			);
			path = NotesAppUITests;
			sourceTree = "<group>";
		};
        D0C0A1B2C3D4E5F603000001 /* NotesAppTests */ = {
            isa = PBXGroup;
            children = (
                D0C0A1B2C3D4E5F602000001 /* DashboardSummaryBuilderTests.swift */,
            );
            path = NotesAppTests;
            sourceTree = "<group>";
        };

/* End PBXGroup section insertion */
		7A8B9C1D2E3F4567890ABCF8 /* Preview Content */ = {
			isa = PBXGroup;
			children = (
				7A8B9C1D2E3F4567890ABCE5 /* Preview Assets.xcassets */,
			);
			path = "Preview Content";
			sourceTree = "<group>";
		};
/* End PBXGroup section */

/* Begin PBXNativeTarget section */
		7A8B9C1D2E3F4567890ABCF9 /* NotesApp */ = {
			isa = PBXNativeTarget;
			buildConfigurationList = 7A8B9C1D2E3F4567890ABCFA /* Build configuration list for PBXNativeTarget "NotesApp" */;
			buildPhases = (
				7A8B9C1D2E3F4567890ABCFB /* Sources */,
				7A8B9C1D2E3F4567890ABCF4 /* Frameworks */,
				7A8B9C1D2E3F4567890ABCFC /* Resources */,
			);
			buildRules = (
			);
			dependencies = (
			);
			name = NotesApp;
			productName = NotesApp;
			productReference = 7A8B9C1D2E3F4567890ABCF2 /* NotesApp.app */;
			productType = "com.apple.product-type.application";
		};
        7B7B7B7B7B7B7B7B7B7B7B01 /* NotesAppUITests */ = {
            isa = PBXNativeTarget;
            buildConfigurationList = 7B7B7B7B7B7B7B7B7B7B7B06 /* Build configuration list for PBXNativeTarget "NotesAppUITests" */;
            buildPhases = (
                7B7B7B7B7B7B7B7B7B7B7B02 /* Sources */,
                7B7B7B7B7B7B7B7B7B7B7B03 /* Frameworks */,
                7B7B7B7B7B7B7B7B7B7B7B04 /* Resources */,
            );
            buildRules = (
            );
            dependencies = (
                7B7B7B7B7B7B7B7B7B7B7B05 /* PBXTargetDependency */,
            );
            name = NotesAppUITests;
            productName = NotesAppUITests;
            productReference = 7B7B7B7B7B7B7B7B7B7B7B00 /* NotesAppUITests.xctest */;
            productType = "com.apple.product-type.bundle.ui-testing";
        };
        D0C0A1B2C3D4E5F605000001 /* NotesAppTests */ = {
            isa = PBXNativeTarget;
            buildConfigurationList = D0C0A1B2C3D4E5F605000007 /* Build configuration list for PBXNativeTarget "NotesAppTests" */;
            buildPhases = (
                D0C0A1B2C3D4E5F605000002 /* Sources */,
                D0C0A1B2C3D4E5F605000003 /* Frameworks */,
                D0C0A1B2C3D4E5F605000004 /* Resources */,
            );
            buildRules = (
            );
            dependencies = (
                D0C0A1B2C3D4E5F605000008 /* PBXTargetDependency */,
            );
            name = NotesAppTests;
            productName = NotesAppTests;
            productReference = D0C0A1B2C3D4E5F604000001 /* NotesAppTests.xctest */;
            productType = "com.apple.product-type.bundle.unit-test";
        };
/* End PBXNativeTarget section */

/* Begin PBXProject section */
		7A8B9C1D2E3F4567890ABCFD /* Project object */ = {
			isa = PBXProject;
			attributes = {
				BuildIndependentTargetsInParallel = 1;
				LastSwiftUpdateCheck = 1500;
				LastUpgradeCheck = 1500;
				TargetAttributes = {
					7A8B9C1D2E3F4567890ABCF9 = {
						CreatedOnToolsVersion = 15.0;
					};
					7B7B7B7B7B7B7B7B7B7B7B01 = {
						CreatedOnToolsVersion = 15.0;
						TestTargetID = 7A8B9C1D2E3F4567890ABCF9;
					};
                    D0C0A1B2C3D4E5F605000001 = {
                        CreatedOnToolsVersion = 15.0;
                        TestTargetID = 7A8B9C1D2E3F4567890ABCF9;
                    };
				};
			};
			buildConfigurationList = 7A8B9C1D2E3F4567890ABCFE /* Build configuration list for PBXProject "NotesApp" */;
			compatibilityVersion = "Xcode 14.0";
			developmentRegion = en;
			hasScannedForEncodings = 0;
			knownRegions = (
				en,
				Base,
			);
			mainGroup = 7A8B9C1D2E3F4567890ABCF5;
			productRefGroup = 7A8B9C1D2E3F4567890ABCF7 /* Products */;
			projectDirPath = "";
			projectRoot = "";
			targets = (
				7A8B9C1D2E3F4567890ABCF9 /* NotesApp */,
				7B7B7B7B7B7B7B7B7B7B7B01 /* NotesAppUITests */,
                D0C0A1B2C3D4E5F605000001 /* NotesAppTests */,
			);
		};
/* End PBXProject section */

/* Begin PBXResourcesBuildPhase section */
		7A8B9C1D2E3F4567890ABCFC /* Resources */ = {
			isa = PBXResourcesBuildPhase;
			buildActionMask = 2147483647;
			files = (
				7A8B9C1D2E3F4567890ABCE4 /* Preview Assets.xcassets in Resources */,
				7A8B9C1D2E3F4567890ABCE2 /* Assets.xcassets in Resources */,
				9F0000010000000000000051 /* SwissEph in Resources */,
			);
			runOnlyForDeploymentPostprocessing = 0;
		};
        7B7B7B7B7B7B7B7B7B7B7B04 /* Resources */ = {
            isa = PBXResourcesBuildPhase;
            buildActionMask = 2147483647;
            files = (
            );
            runOnlyForDeploymentPostprocessing = 0;
        };
        D0C0A1B2C3D4E5F605000004 /* Resources */ = {
            isa = PBXResourcesBuildPhase;
            buildActionMask = 2147483647;
            files = (
            );
            runOnlyForDeploymentPostprocessing = 0;
        };
/* End PBXResourcesBuildPhase section */

/* Begin PBXSourcesBuildPhase section */
		7A8B9C1D2E3F4567890ABCFB /* Sources */ = {
                        isa = PBXSourcesBuildPhase;
                        buildActionMask = 2147483647;
                        files = (
                                856945FA1FCD41618C7682D8 /* BirthInfoView.swift in Sources */,
                                7A8B9C1D2E3F4567890ABCE6 /* NotesModel.xcdatamodeld in Sources */,
                                7A8B9C1D2E3F4567890ABCE8 /* PersistenceController.swift in Sources */,
                                CA6421303A9F445C99CB8EE5 /* CosmicBackgroundView.swift in Sources */,
                                7A8B9C1D2E3F4567890ABCE0 /* ContentView.swift in Sources */,
                                7A8B9C1D2E3F4567890ABCEA /* NotesListView.swift in Sources */,
                                7A8B9C1D2E3F4567890ABCEC /* NoteDetailView.swift in Sources */,
                                7A8B9C1D2E3F4567890ABCDE /* NotesAppApp.swift in Sources */,
                                9F0000010000000000000001 /* TodayView.swift in Sources */,
                9F0000010000000000000003 /* HistoryView.swift in Sources */,
                9F0000010000000000000005 /* SettingsView.swift in Sources */,
                9F0000010000000000000007 /* HydrationHelpers.swift in Sources */,
                9F0000010000000000000009 /* NotificationManager.swift in Sources */,
                9F000001000000000000000B /* Theme.swift in Sources */,
                9F000001000000000000000D /* Toast.swift in Sources */,
                9F000001000000000000000F /* CelebrationOverlay.swift in Sources */,
                9F0000010000000000000013 /* ScreenshotMode.swift in Sources */,
                                9F0000010000000000000015 /* LocationSearchManager.swift in Sources */,
                                9F0000010000000000000020 /* SwissEphWrapper.m in Sources */,
                                9F0000010000000000000022 /* PlanetaryCalculator.swift in Sources */,
                                9F0000010000000000000053 /* DiagnosticsView.swift in Sources */,
                                B59D16C9AD2B477B902B3F29 /* Int+Clamp.swift in Sources */,
                                B1D0F00D00000000000000B1 /* VimshottariDashaCalculator.swift in Sources */,
                                B1D0F00D00000000000000B2 /* DashaView.swift in Sources */,
                                B1D0F00D00000000000000B3 /* DashaTabView.swift in Sources */,
                B1D0F00D00000000000000B4 /* UIStyles.swift in Sources */,
                D0C0A1B2C3D4E5F601000002 /* DashboardSummaryBuilder.swift in Sources */,
                B1D0F00D00000000000000B5 /* YogiCalculator.swift in Sources */,
                B1D0F00D00000000000000B6 /* YogiView.swift in Sources */,
                B1D0F00D00000000000000B7 /* YogiTabView.swift in Sources */,
                B1D0F00D00000000000000B8 /* DrekkanaUtils.swift in Sources */,
                B1D0F00D00000000000000B9 /* UttamaTabView.swift in Sources */,
                B1D0F00D00000000000000BA /* JaiminiKarakas.swift in Sources */,
                B1D0F00D00000000000000BB /* JaiminiArudha.swift in Sources */,
                B1D0F00D00000000000000BC /* JaiminiTabView.swift in Sources */,
                B1D0F00D00000000000000BD /* PanchangaCalc.swift in Sources */,
                B1D0F00D00000000000000BE /* PanchangaTabView.swift in Sources */,
                B1D0F00D00000000000000BF /* IshtaDevataCalc.swift in Sources */,
                B1D0F00D00000000000000C0 /* IshtaDevataTabView.swift in Sources */,
                B1D0F00D00000000000000C1 /* VargaCalculatorIOS.swift in Sources */,
                B1D0F00D00000000000000C2 /* NavamshaLordsTabView.swift in Sources */,
                B1D0F00D00000000000000C3 /* SunriseCalcIOS.swift in Sources */,
                B1D0F00D00000000000000C4 /* SpecialLagnasCalc.swift in Sources */,
                                B1D0F00D00000000000000C5 /* LagnasTabView.swift in Sources */,
                                B1D0F00D00000000000000C7 /* SixtyFourTwentyTwoCalc.swift in Sources */,
                                B1D0F00D00000000000000C8 /* SixtyFourTwentyTwoTabView.swift in Sources */,
                                C0DE00010000000000000001 /* PushkaraUtils.swift in Sources */,
                                C0DE00020000000000000002 /* PushkaraTabView.swift in Sources */,
                                4A61CA8CF4DC4F8E9CDFCFC1 /* MainTabView.swift in Sources */,

                                C0DE00050000000000000005 /* SaptamshaLordsTabView.swift in Sources */,
                        );
			runOnlyForDeploymentPostprocessing = 0;
		};
        7B7B7B7B7B7B7B7B7B7B7B02 /* Sources */ = {
            isa = PBXSourcesBuildPhase;
            buildActionMask = 2147483647;
            files = (
                7B7B7B7B7B7B7B7B7B7B7B0C /* SnapshotHelper.swift in Sources */,
                7B7B7B7B7B7B7B7B7B7B7B0B /* NotesAppUITests.swift in Sources */,
            );
            runOnlyForDeploymentPostprocessing = 0;
        };
		D0C0A1B2C3D4E5F605000002 /* Sources */ = {
			isa = PBXSourcesBuildPhase;
			buildActionMask = 2147483647;
			files = (
				D0C0A1B2C3D4E5F602000002 /* DashboardSummaryBuilderTests.swift in Sources */,
			);
			runOnlyForDeploymentPostprocessing = 0;
		};/* End PBXSourcesBuildPhase section */

/* Begin PBXContainerItemProxy section */
        7B7B7B7B7B7B7B7B7B7B7B07 /* PBXContainerItemProxy */ = {
            isa = PBXContainerItemProxy;
            containerPortal = 7A8B9C1D2E3F4567890ABCFD /* Project object */;
            proxyType = 1;
            remoteGlobalIDString = 7A8B9C1D2E3F4567890ABCF9;
            remoteInfo = NotesApp;
        };
        D0C0A1B2C3D4E5F605000009 /* PBXContainerItemProxy */ = {
            isa = PBXContainerItemProxy;
            containerPortal = 7A8B9C1D2E3F4567890ABCFD /* Project object */;
            proxyType = 1;
            remoteGlobalIDString = 7A8B9C1D2E3F4567890ABCF9;
            remoteInfo = NotesApp;
        };
/* End PBXContainerItemProxy section */

/* Begin PBXTargetDependency section */
	7B7B7B7B7B7B7B7B7B7B7B05 /* PBXTargetDependency */ = {
			isa = PBXTargetDependency;
			target = 7A8B9C1D2E3F4567890ABCF9 /* NotesApp */;
			targetProxy = 7B7B7B7B7B7B7B7B7B7B7B07 /* PBXContainerItemProxy */;
		};
        D0C0A1B2C3D4E5F605000008 /* PBXTargetDependency */ = {
            isa = PBXTargetDependency;
            target = 7A8B9C1D2E3F4567890ABCF9 /* NotesApp */;
            targetProxy = D0C0A1B2C3D4E5F605000009 /* PBXContainerItemProxy */;
        };
/* End PBXTargetDependency section */

/* Begin XCBuildConfiguration section */
		7A8B9C1D2E3F4567890ABCFF /* Debug */ = {
			isa = XCBuildConfiguration;
			buildSettings = {
				ALWAYS_SEARCH_USER_PATHS = NO;
				ASSETCATALOG_COMPILER_GENERATE_SWIFT_ASSET_SYMBOL_EXTENSIONS = YES;
				CLANG_ANALYZER_NONNULL = YES;
				CLANG_ANALYZER_NUMBER_OBJECT_CONVERSION = YES_AGGRESSIVE;
				CLANG_CXX_LANGUAGE_STANDARD = "gnu++20";
				CLANG_ENABLE_MODULES = YES;
				CLANG_ENABLE_OBJC_ARC = YES;
				CLANG_ENABLE_OBJC_WEAK = YES;
				CLANG_WARN_BLOCK_CAPTURE_AUTORELEASING = YES;
				CLANG_WARN_BOOL_CONVERSION = YES;
				CLANG_WARN_COMMA = YES;
				CLANG_WARN_CONSTANT_CONVERSION = YES;
				CLANG_WARN_DEPRECATED_OBJC_IMPLEMENTATIONS = YES;
				CLANG_WARN_DIRECT_OBJC_ISA_USAGE = YES_ERROR;
				CLANG_WARN_DOCUMENTATION_COMMENTS = YES;
				CLANG_WARN_EMPTY_BODY = YES;
				CLANG_WARN_ENUM_CONVERSION = YES;
				CLANG_WARN_INFINITE_RECURSION = YES;
				CLANG_WARN_INT_CONVERSION = YES;
				CLANG_WARN_NON_LITERAL_NULL_CONVERSION = YES;
				CLANG_WARN_OBJC_IMPLICIT_RETAIN_SELF = YES;
				CLANG_WARN_OBJC_LITERAL_CONVERSION = YES;
				CLANG_WARN_OBJC_ROOT_CLASS = YES_ERROR;
				CLANG_WARN_QUOTED_INCLUDE_IN_FRAMEWORK_HEADER = YES;
				CLANG_WARN_RANGE_LOOP_ANALYSIS = YES;
				CLANG_WARN_STRICT_PROTOTYPES = YES;
				CLANG_WARN_SUSPICIOUS_MOVE = YES;
				CLANG_WARN_UNGUARDED_AVAILABILITY = YES_AGGRESSIVE;
				CLANG_WARN_UNREACHABLE_CODE = YES;
				CLANG_WARN__DUPLICATE_METHOD_MATCH = YES;
				COPY_PHASE_STRIP = NO;
				DEBUG_INFORMATION_FORMAT = dwarf;
				ENABLE_STRICT_OBJC_MSGSEND = YES;
				ENABLE_TESTABILITY = YES;
				ENABLE_USER_SCRIPT_SANDBOXING = YES;
				GCC_C_LANGUAGE_STANDARD = gnu17;
				GCC_DYNAMIC_NO_PIC = NO;
				GCC_NO_COMMON_BLOCKS = YES;
				GCC_OPTIMIZATION_LEVEL = 0;
				GCC_PREPROCESSOR_DEFINITIONS = (
					"DEBUG=1",
					"$(inherited)",
				);
				GCC_WARN_64_TO_32_BIT_CONVERSION = YES;
				GCC_WARN_ABOUT_RETURN_TYPE = YES_ERROR;
				GCC_WARN_UNDECLARED_SELECTOR = YES;
				GCC_WARN_UNINITIALIZED_AUTOS = YES_AGGRESSIVE;
				GCC_WARN_UNUSED_FUNCTION = YES;
				GCC_WARN_UNUSED_VARIABLE = YES;
				IPHONEOS_DEPLOYMENT_TARGET = 17.0;
				LOCALIZATION_PREFERS_STRING_CATALOGS = YES;
				MTL_ENABLE_DEBUG_INFO = INCLUDE_SOURCE;
				MTL_FAST_MATH = YES;
				ONLY_ACTIVE_ARCH = YES;
				SDKROOT = iphoneos;
				SWIFT_ACTIVE_COMPILATION_CONDITIONS = "DEBUG $(inherited)";
				SWIFT_OPTIMIZATION_LEVEL = "-Onone";
			};
			name = Debug;
		};
		7A8B9C1D2E3F4567890ABC00 /* Release */ = {
			isa = XCBuildConfiguration;
			buildSettings = {
				ALWAYS_SEARCH_USER_PATHS = NO;
				ASSETCATALOG_COMPILER_GENERATE_SWIFT_ASSET_SYMBOL_EXTENSIONS = YES;
				CLANG_ANALYZER_NONNULL = YES;
				CLANG_ANALYZER_NUMBER_OBJECT_CONVERSION = YES_AGGRESSIVE;
				CLANG_CXX_LANGUAGE_STANDARD = "gnu++20";
				CLANG_ENABLE_MODULES = YES;
				CLANG_ENABLE_OBJC_ARC = YES;
				CLANG_ENABLE_OBJC_WEAK = YES;
				CLANG_WARN_BLOCK_CAPTURE_AUTORELEASING = YES;
				CLANG_WARN_BOOL_CONVERSION = YES;
				CLANG_WARN_COMMA = YES;
				CLANG_WARN_CONSTANT_CONVERSION = YES;
				CLANG_WARN_DEPRECATED_OBJC_IMPLEMENTATIONS = YES;
				CLANG_WARN_DIRECT_OBJC_ISA_USAGE = YES_ERROR;
				CLANG_WARN_DOCUMENTATION_COMMENTS = YES;
				CLANG_WARN_EMPTY_BODY = YES;
				CLANG_WARN_ENUM_CONVERSION = YES;
				CLANG_WARN_INFINITE_RECURSION = YES;
				CLANG_WARN_INT_CONVERSION = YES;
				CLANG_WARN_NON_LITERAL_NULL_CONVERSION = YES;
				CLANG_WARN_OBJC_IMPLICIT_RETAIN_SELF = YES;
				CLANG_WARN_OBJC_LITERAL_CONVERSION = YES;
				CLANG_WARN_OBJC_ROOT_CLASS = YES_ERROR;
				CLANG_WARN_QUOTED_INCLUDE_IN_FRAMEWORK_HEADER = YES;
				CLANG_WARN_RANGE_LOOP_ANALYSIS = YES;
				CLANG_WARN_STRICT_PROTOTYPES = YES;
				CLANG_WARN_SUSPICIOUS_MOVE = YES;
				CLANG_WARN_UNGUARDED_AVAILABILITY = YES_AGGRESSIVE;
				CLANG_WARN_UNREACHABLE_CODE = YES;
				CLANG_WARN__DUPLICATE_METHOD_MATCH = YES;
				COPY_PHASE_STRIP = NO;
				DEBUG_INFORMATION_FORMAT = "dwarf-with-dsym";
				ENABLE_NS_ASSERTIONS = NO;
				ENABLE_STRICT_OBJC_MSGSEND = YES;
				ENABLE_USER_SCRIPT_SANDBOXING = YES;
				GCC_C_LANGUAGE_STANDARD = gnu17;
				GCC_NO_COMMON_BLOCKS = YES;
				GCC_WARN_64_TO_32_BIT_CONVERSION = YES;
				GCC_WARN_ABOUT_RETURN_TYPE = YES_ERROR;
				GCC_WARN_UNDECLARED_SELECTOR = YES;
				GCC_WARN_UNINITIALIZED_AUTOS = YES_AGGRESSIVE;
				GCC_WARN_UNUSED_FUNCTION = YES;
				GCC_WARN_UNUSED_VARIABLE = YES;
				IPHONEOS_DEPLOYMENT_TARGET = 17.0;
				LOCALIZATION_PREFERS_STRING_CATALOGS = YES;
				MTL_ENABLE_DEBUG_INFO = NO;
				MTL_FAST_MATH = YES;
				SDKROOT = iphoneos;
				SWIFT_COMPILATION_MODE = wholemodule;
				VALIDATE_PRODUCT = YES;
			};
			name = Release;
		};
		7A8B9C1D2E3F4567890ABC01 /* Debug */ = {
			isa = XCBuildConfiguration;
			buildSettings = {
				ASSETCATALOG_COMPILER_APPICON_NAME = AppIcon;
				ASSETCATALOG_COMPILER_GLOBAL_ACCENT_COLOR_NAME = AccentColor;
				CODE_SIGN_STYLE = Automatic;
				DEVELOPMENT_TEAM = T37PH5FAJX;
				CURRENT_PROJECT_VERSION = 1;
				DEVELOPMENT_ASSET_PATHS = "\"NotesApp/Preview Content\"";
				ENABLE_PREVIEWS = YES;
				GENERATE_INFOPLIST_FILE = YES;
                INFOPLIST_KEY_CFBundleDisplayName = "Vedic Light";
				INFOPLIST_KEY_ITSAppUsesNonExemptEncryption = NO;
				IPHONEOS_DEPLOYMENT_TARGET = 17.0;
				INFOPLIST_KEY_UIApplicationSceneManifest_Generation = YES;
				INFOPLIST_KEY_UIApplicationSupportsIndirectInputEvents = YES;
				INFOPLIST_KEY_UILaunchScreen_Generation = YES;
				INFOPLIST_KEY_UISupportedInterfaceOrientations_iPad = "UIInterfaceOrientationPortrait UIInterfaceOrientationPortraitUpsideDown UIInterfaceOrientationLandscapeLeft UIInterfaceOrientationLandscapeRight";
				INFOPLIST_KEY_UISupportedInterfaceOrientations_iPhone = "UIInterfaceOrientationPortrait UIInterfaceOrientationLandscapeLeft UIInterfaceOrientationLandscapeRight";
				LD_RUNPATH_SEARCH_PATHS = (
					"$(inherited)",
					"@executable_path/Frameworks",
				);
				MARKETING_VERSION = 1.0;
                PRODUCT_BUNDLE_IDENTIFIER = com.vedic.light;
                PRODUCT_NAME = BirthInfo;
                PRODUCT_BUNDLE_PACKAGE_TYPE = APPL;
                DEFINES_MODULE = YES;
				SWIFT_EMIT_LOC_STRINGS = YES;
				SWIFT_VERSION = 5.0;
				SUPPORTED_PLATFORMS = "iphonesimulator iphoneos";
				SUPPORTS_MACCATALYST = NO;
                TARGETED_DEVICE_FAMILY = "1,2";
                HEADER_SEARCH_PATHS = (
                    "$(inherited)",
                    "$(PROJECT_DIR)/ThirdParty/SwissEph/include",
                    "$(PROJECT_DIR)/ThirdParty/SwissEph/src",
                );
                LIBRARY_SEARCH_PATHS = (
                    "$(inherited)",
                    "$(PROJECT_DIR)/ThirdParty/SwissEph/lib",
                );
                SWIFT_OBJC_BRIDGING_HEADER = NotesApp/SwissEphBridge.h;
            };
            name = Debug;
        };
        7A8B9C1D2E3F4567890ABC02 /* Release */ = {
            isa = XCBuildConfiguration;
            buildSettings = {
				ASSETCATALOG_COMPILER_APPICON_NAME = AppIcon;
				ASSETCATALOG_COMPILER_GLOBAL_ACCENT_COLOR_NAME = AccentColor;
				CODE_SIGN_STYLE = Automatic;
				DEVELOPMENT_TEAM = T37PH5FAJX;
				CURRENT_PROJECT_VERSION = 1;
				DEVELOPMENT_ASSET_PATHS = "\"NotesApp/Preview Content\"";
				ENABLE_PREVIEWS = YES;
				GENERATE_INFOPLIST_FILE = YES;
                INFOPLIST_KEY_CFBundleDisplayName = "Vedic Light";
				INFOPLIST_KEY_ITSAppUsesNonExemptEncryption = NO;
				IPHONEOS_DEPLOYMENT_TARGET = 17.0;
				INFOPLIST_KEY_UIApplicationSceneManifest_Generation = YES;
				INFOPLIST_KEY_UIApplicationSupportsIndirectInputEvents = YES;
				INFOPLIST_KEY_UILaunchScreen_Generation = YES;
				INFOPLIST_KEY_UISupportedInterfaceOrientations_iPad = "UIInterfaceOrientationPortrait UIInterfaceOrientationPortraitUpsideDown UIInterfaceOrientationLandscapeLeft UIInterfaceOrientationLandscapeRight";
				INFOPLIST_KEY_UISupportedInterfaceOrientations_iPhone = "UIInterfaceOrientationPortrait UIInterfaceOrientationLandscapeLeft UIInterfaceOrientationLandscapeRight";
				LD_RUNPATH_SEARCH_PATHS = (
					"$(inherited)",
					"@executable_path/Frameworks",
				);
				MARKETING_VERSION = 1.0;
                PRODUCT_BUNDLE_IDENTIFIER = com.vedic.light;
                PRODUCT_NAME = BirthInfo;
				PRODUCT_BUNDLE_PACKAGE_TYPE = APPL;
                DEFINES_MODULE = YES;
				SWIFT_EMIT_LOC_STRINGS = YES;
				SWIFT_VERSION = 5.0;
				SUPPORTED_PLATFORMS = "iphonesimulator iphoneos";
				SUPPORTS_MACCATALYST = NO;
                TARGETED_DEVICE_FAMILY = "1,2";
                HEADER_SEARCH_PATHS = (
                    "$(inherited)",
                    "$(PROJECT_DIR)/ThirdParty/SwissEph/include",
                    "$(PROJECT_DIR)/ThirdParty/SwissEph/src",
                );
                LIBRARY_SEARCH_PATHS = (
                    "$(inherited)",
                    "$(PROJECT_DIR)/ThirdParty/SwissEph/lib",
                );
                SWIFT_OBJC_BRIDGING_HEADER = NotesApp/SwissEphBridge.h;
            };
            name = Release;
		};
		7B7B7B7B7B7B7B7B7B7B7B11 /* Debug */ = {
			isa = XCBuildConfiguration;
			buildSettings = {
				CODE_SIGN_STYLE = Automatic;
				GENERATE_INFOPLIST_FILE = YES;
				IPHONEOS_DEPLOYMENT_TARGET = 17.0;
				LD_RUNPATH_SEARCH_PATHS = "$(inherited) @executable_path/Frameworks @loader_path/Frameworks";
				PRODUCT_BUNDLE_IDENTIFIER = com.vyasfather.NotesAppUITests;
				PRODUCT_NAME = "$(TARGET_NAME)";
				SWIFT_VERSION = 5.0;
				TARGETED_DEVICE_FAMILY = "1,2";
				TEST_TARGET_NAME = NotesApp;
			};
			name = Debug;
		};
		7B7B7B7B7B7B7B7B7B7B7B12 /* Release */ = {
			isa = XCBuildConfiguration;
			buildSettings = {
				CODE_SIGN_STYLE = Automatic;
				GENERATE_INFOPLIST_FILE = YES;
				IPHONEOS_DEPLOYMENT_TARGET = 17.0;
				LD_RUNPATH_SEARCH_PATHS = "$(inherited) @executable_path/Frameworks @loader_path/Frameworks";
				PRODUCT_BUNDLE_IDENTIFIER = com.vyasfather.NotesAppUITests;
				PRODUCT_NAME = "$(TARGET_NAME)";
				SWIFT_VERSION = 5.0;
				TARGETED_DEVICE_FAMILY = "1,2";
				TEST_TARGET_NAME = NotesApp;
			};
			name = Release;
		};
        D0C0A1B2C3D4E5F605000005 /* Debug */ = {
            isa = XCBuildConfiguration;
            buildSettings = {
                CODE_SIGN_STYLE = Automatic;
                GENERATE_INFOPLIST_FILE = YES;
                IPHONEOS_DEPLOYMENT_TARGET = 17.0;
                LD_RUNPATH_SEARCH_PATHS = "$(inherited) @executable_path/Frameworks @loader_path/Frameworks";
                PRODUCT_BUNDLE_IDENTIFIER = com.vyasfather.NotesAppTests;
                PRODUCT_NAME = "$(TARGET_NAME)";
                SWIFT_VERSION = 5.0;
                TARGETED_DEVICE_FAMILY = "1,2";
                TEST_TARGET_NAME = NotesApp;
            };
            name = Debug;
        };
        D0C0A1B2C3D4E5F605000006 /* Release */ = {
            isa = XCBuildConfiguration;
            buildSettings = {
                CODE_SIGN_STYLE = Automatic;
                GENERATE_INFOPLIST_FILE = YES;
                IPHONEOS_DEPLOYMENT_TARGET = 17.0;
                LD_RUNPATH_SEARCH_PATHS = "$(inherited) @executable_path/Frameworks @loader_path/Frameworks";
                PRODUCT_BUNDLE_IDENTIFIER = com.vyasfather.NotesAppTests;
                PRODUCT_NAME = "$(TARGET_NAME)";
                SWIFT_VERSION = 5.0;
                TARGETED_DEVICE_FAMILY = "1,2";
                TEST_TARGET_NAME = NotesApp;
            };
            name = Release;
        };
/* End XCBuildConfiguration section */

/* Begin XCConfigurationList section */
		7A8B9C1D2E3F4567890ABCFE /* Build configuration list for PBXProject "NotesApp" */ = {
			isa = XCConfigurationList;
			buildConfigurations = (
				7A8B9C1D2E3F4567890ABCFF /* Debug */,
				7A8B9C1D2E3F4567890ABC00 /* Release */,
			);
			defaultConfigurationIsVisible = 0;
			defaultConfigurationName = Release;
		};
		7A8B9C1D2E3F4567890ABCFA /* Build configuration list for PBXNativeTarget "NotesApp" */ = {
			isa = XCConfigurationList;
			buildConfigurations = (
				7A8B9C1D2E3F4567890ABC01 /* Debug */,
				7A8B9C1D2E3F4567890ABC02 /* Release */,
			);
			defaultConfigurationIsVisible = 0;
			defaultConfigurationName = Release;
		};
		7B7B7B7B7B7B7B7B7B7B7B06 /* Build configuration list for PBXNativeTarget "NotesAppUITests" */ = {
			isa = XCConfigurationList;
			buildConfigurations = (
				7B7B7B7B7B7B7B7B7B7B7B11 /* Debug */,
				7B7B7B7B7B7B7B7B7B7B7B12 /* Release */,
			);
			defaultConfigurationIsVisible = 0;
			defaultConfigurationName = Release;
		};
        D0C0A1B2C3D4E5F605000007 /* Build configuration list for PBXNativeTarget "NotesAppTests" */ = {
            isa = XCConfigurationList;
            buildConfigurations = (
                D0C0A1B2C3D4E5F605000005 /* Debug */,
                D0C0A1B2C3D4E5F605000006 /* Release */,
            );
            defaultConfigurationIsVisible = 0;
            defaultConfigurationName = Release;
        };
/* End XCConfigurationList section */

/* Begin XCVersionGroup section */
		7A8B9C1D2E3F4567890ABCE7 /* NotesModel.xcdatamodeld */ = {
			isa = XCVersionGroup;
			children = (
				7A8B9C1D2E3F4567890ABCF3 /* NotesModel.xcdatamodel */,
			);
			currentVersion = 7A8B9C1D2E3F4567890ABCF3 /* NotesModel.xcdatamodel */;
			path = NotesModel.xcdatamodeld;
			sourceTree = "<group>";
			versionGroupType = wrapper.xcdatamodel;
		};
/* End XCVersionGroup section */
	};
	rootObject = 7A8B9C1D2E3F4567890ABCFD /* Project object */;
}
